// !$*UTF8*$!
{
	archiveVersion = 1;
	classes = {
	};
	objectVersion = 56;
	objects = {

/* Begin PBXBuildFile section */
		BB57482F29278ED100A4ABB6 /* Nibu_s_CardApp.swift in Sources */ = {isa = PBXBuildFile; fileRef = BB57482E29278ED100A4ABB6 /* Nibu_s_CardApp.swift */; };
		BB57483129278ED100A4ABB6 /* ContentView.swift in Sources */ = {isa = PBXBuildFile; fileRef = BB57483029278ED100A4ABB6 /* ContentView.swift */; };
		BB57483329278ED200A4ABB6 /* Assets.xcassets in Resources */ = {isa = PBXBuildFile; fileRef = BB57483229278ED200A4ABB6 /* Assets.xcassets */; };
		BB57483629278ED200A4ABB6 /* Preview Assets.xcassets in Resources */ = {isa = PBXBuildFile; fileRef = BB57483529278ED200A4ABB6 /* Preview Assets.xcassets */; };
		BB57484029278ED200A4ABB6 /* Nibu_s_CardTests.swift in Sources */ = {isa = PBXBuildFile; fileRef = BB57483F29278ED200A4ABB6 /* Nibu_s_CardTests.swift */; };
		BB57484A29278ED200A4ABB6 /* Nibu_s_CardUITests.swift in Sources */ = {isa = PBXBuildFile; fileRef = BB57484929278ED200A4ABB6 /* Nibu_s_CardUITests.swift */; };
		BB57484C29278ED200A4ABB6 /* Nibu_s_CardUITestsLaunchTests.swift in Sources */ = {isa = PBXBuildFile; fileRef = BB57484B29278ED200A4ABB6 /* Nibu_s_CardUITestsLaunchTests.swift */; };
/* End PBXBuildFile section */

/* Begin PBXContainerItemProxy section */
		BB57483C29278ED200A4ABB6 /* PBXContainerItemProxy */ = {
			isa = PBXContainerItemProxy;
			containerPortal = BB57482329278ED100A4ABB6 /* Project object */;
			proxyType = 1;
			remoteGlobalIDString = BB57482A29278ED100A4ABB6;
			remoteInfo = "Nibu's Card";
		};
		BB57484629278ED200A4ABB6 /* PBXContainerItemProxy */ = {
			isa = PBXContainerItemProxy;
			containerPortal = BB57482329278ED100A4ABB6 /* Project object */;
			proxyType = 1;
			remoteGlobalIDString = BB57482A29278ED100A4ABB6;
			remoteInfo = "Nibu's Card";
		};
/* End PBXContainerItemProxy section */

/* Begin PBXFileReference section */
		BB57482B29278ED100A4ABB6 /* Nibu's Card.app */ = {isa = PBXFileReference; explicitFileType = wrapper.application; includeInIndex = 0; path = "Nibu's Card.app"; sourceTree = BUILT_PRODUCTS_DIR; };
		BB57482E29278ED100A4ABB6 /* Nibu_s_CardApp.swift */ = {isa = PBXFileReference; lastKnownFileType = sourcecode.swift; path = Nibu_s_CardApp.swift; sourceTree = "<group>"; };
		BB57483029278ED100A4ABB6 /* ContentView.swift */ = {isa = PBXFileReference; lastKnownFileType = sourcecode.swift; path = ContentView.swift; sourceTree = "<group>"; };
		BB57483229278ED200A4ABB6 /* Assets.xcassets */ = {isa = PBXFileReference; lastKnownFileType = folder.assetcatalog; path = Assets.xcassets; sourceTree = "<group>"; };
		BB57483529278ED200A4ABB6 /* Preview Assets.xcassets */ = {isa = PBXFileReference; lastKnownFileType = folder.assetcatalog; path = "Preview Assets.xcassets"; sourceTree = "<group>"; };
		BB57483B29278ED200A4ABB6 /* Nibu's CardTests.xctest */ = {isa = PBXFileReference; explicitFileType = wrapper.cfbundle; includeInIndex = 0; path = "Nibu's CardTests.xctest"; sourceTree = BUILT_PRODUCTS_DIR; };
		BB57483F29278ED200A4ABB6 /* Nibu_s_CardTests.swift */ = {isa = PBXFileReference; lastKnownFileType = sourcecode.swift; path = Nibu_s_CardTests.swift; sourceTree = "<group>"; };
		BB57484529278ED200A4ABB6 /* Nibu's CardUITests.xctest */ = {isa = PBXFileReference; explicitFileType = wrapper.cfbundle; includeInIndex = 0; path = "Nibu's CardUITests.xctest"; sourceTree = BUILT_PRODUCTS_DIR; };
		BB57484929278ED200A4ABB6 /* Nibu_s_CardUITests.swift */ = {isa = PBXFileReference; lastKnownFileType = sourcecode.swift; path = Nibu_s_CardUITests.swift; sourceTree = "<group>"; };
		BB57484B29278ED200A4ABB6 /* Nibu_s_CardUITestsLaunchTests.swift */ = {isa = PBXFileReference; lastKnownFileType = sourcecode.swift; path = Nibu_s_CardUITestsLaunchTests.swift; sourceTree = "<group>"; };
/* End PBXFileReference section */

/* Begin PBXFrameworksBuildPhase section */
		BB57482829278ED100A4ABB6 /* Frameworks */ = {
			isa = PBXFrameworksBuildPhase;
			buildActionMask = 2147483647;
			files = (
			);
			runOnlyForDeploymentPostprocessing = 0;
		};
		BB57483829278ED200A4ABB6 /* Frameworks */ = {
			isa = PBXFrameworksBuildPhase;
			buildActionMask = 2147483647;
			files = (
			);
			runOnlyForDeploymentPostprocessing = 0;
		};
		BB57484229278ED200A4ABB6 /* Frameworks */ = {
			isa = PBXFrameworksBuildPhase;
			buildActionMask = 2147483647;
			files = (
			);
			runOnlyForDeploymentPostprocessing = 0;
		};
/* End PBXFrameworksBuildPhase section */

/* Begin PBXGroup section */
		BB57482229278ED100A4ABB6 = {
			isa = PBXGroup;
			children = (
				BB57482D29278ED100A4ABB6 /* Nibu's Card */,
				BB57483E29278ED200A4ABB6 /* Nibu's CardTests */,
				BB57484829278ED200A4ABB6 /* Nibu's CardUITests */,
				BB57482C29278ED100A4ABB6 /* Products */,
			);
			sourceTree = "<group>";
		};
		BB57482C29278ED100A4ABB6 /* Products */ = {
			isa = PBXGroup;
			children = (
				BB57482B29278ED100A4ABB6 /* Nibu's Card.app */,
				BB57483B29278ED200A4ABB6 /* Nibu's CardTests.xctest */,
				BB57484529278ED200A4ABB6 /* Nibu's CardUITests.xctest */,
			);
			name = Products;
			sourceTree = "<group>";
		};
		BB57482D29278ED100A4ABB6 /* Nibu's Card */ = {
			isa = PBXGroup;
			children = (
				BB57482E29278ED100A4ABB6 /* Nibu_s_CardApp.swift */,
				BB57483029278ED100A4ABB6 /* ContentView.swift */,
				BB57483229278ED200A4ABB6 /* Assets.xcassets */,
				BB57483429278ED200A4ABB6 /* Preview Content */,
			);
			path = "Nibu's Card";
			sourceTree = "<group>";
		};
		BB57483429278ED200A4ABB6 /* Preview Content */ = {
			isa = PBXGroup;
			children = (
				BB57483529278ED200A4ABB6 /* Preview Assets.xcassets */,
			);
			path = "Preview Content";
			sourceTree = "<group>";
		};
		BB57483E29278ED200A4ABB6 /* Nibu's CardTests */ = {
			isa = PBXGroup;
			children = (
				BB57483F29278ED200A4ABB6 /* Nibu_s_CardTests.swift */,
			);
			path = "Nibu's CardTests";
			sourceTree = "<group>";
		};
		BB57484829278ED200A4ABB6 /* Nibu's CardUITests */ = {
			isa = PBXGroup;
			children = (
				BB57484929278ED200A4ABB6 /* Nibu_s_CardUITests.swift */,
				BB57484B29278ED200A4ABB6 /* Nibu_s_CardUITestsLaunchTests.swift */,
			);
			path = "Nibu's CardUITests";
			sourceTree = "<group>";
		};
/* End PBXGroup section */

/* Begin PBXNativeTarget section */
		BB57482A29278ED100A4ABB6 /* Nibu's Card */ = {
			isa = PBXNativeTarget;
			buildConfigurationList = BB57484F29278ED200A4ABB6 /* Build configuration list for PBXNativeTarget "Nibu's Card" */;
			buildPhases = (
				BB57482729278ED100A4ABB6 /* Sources */,
				BB57482829278ED100A4ABB6 /* Frameworks */,
				BB57482929278ED100A4ABB6 /* Resources */,
			);
			buildRules = (
			);
			dependencies = (
			);
			name = "Nibu's Card";
			productName = "Nibu's Card";
			productReference = BB57482B29278ED100A4ABB6 /* Nibu's Card.app */;
			productType = "com.apple.product-type.application";
		};
		BB57483A29278ED200A4ABB6 /* Nibu's CardTests */ = {
			isa = PBXNativeTarget;
			buildConfigurationList = BB57485229278ED200A4ABB6 /* Build configuration list for PBXNativeTarget "Nibu's CardTests" */;
			buildPhases = (
				BB57483729278ED200A4ABB6 /* Sources */,
				BB57483829278ED200A4ABB6 /* Frameworks */,
				BB57483929278ED200A4ABB6 /* Resources */,
			);
			buildRules = (
			);
			dependencies = (
				BB57483D29278ED200A4ABB6 /* PBXTargetDependency */,
			);
			name = "Nibu's CardTests";
			productName = "Nibu's CardTests";
			productReference = BB57483B29278ED200A4ABB6 /* Nibu's CardTests.xctest */;
			productType = "com.apple.product-type.bundle.unit-test";
		};
		BB57484429278ED200A4ABB6 /* Nibu's CardUITests */ = {
			isa = PBXNativeTarget;
			buildConfigurationList = BB57485529278ED200A4ABB6 /* Build configuration list for PBXNativeTarget "Nibu's CardUITests" */;
			buildPhases = (
				BB57484129278ED200A4ABB6 /* Sources */,
				BB57484229278ED200A4ABB6 /* Frameworks */,
				BB57484329278ED200A4ABB6 /* Resources */,
			);
			buildRules = (
			);
			dependencies = (
				BB57484729278ED200A4ABB6 /* PBXTargetDependency */,
			);
			name = "Nibu's CardUITests";
			productName = "Nibu's CardUITests";
			productReference = BB57484529278ED200A4ABB6 /* Nibu's CardUITests.xctest */;
			productType = "com.apple.product-type.bundle.ui-testing";
		};
/* End PBXNativeTarget section */

/* Begin PBXProject section */
		BB57482329278ED100A4ABB6 /* Project object */ = {
			isa = PBXProject;
			attributes = {
				BuildIndependentTargetsInParallel = 1;
				LastSwiftUpdateCheck = 1400;
				LastUpgradeCheck = 1400;
				TargetAttributes = {
					BB57482A29278ED100A4ABB6 = {
						CreatedOnToolsVersion = 14.0.1;
					};
					BB57483A29278ED200A4ABB6 = {
						CreatedOnToolsVersion = 14.0.1;
						TestTargetID = BB57482A29278ED100A4ABB6;
					};
					BB57484429278ED200A4ABB6 = {
						CreatedOnToolsVersion = 14.0.1;
						TestTargetID = BB57482A29278ED100A4ABB6;
					};
				};
			};
			buildConfigurationList = BB57482629278ED100A4ABB6 /* Build configuration list for PBXProject "Nibu's Card" */;
			compatibilityVersion = "Xcode 14.0";
			developmentRegion = en;
			hasScannedForEncodings = 0;
			knownRegions = (
				en,
				Base,
			);
			mainGroup = BB57482229278ED100A4ABB6;
			productRefGroup = BB57482C29278ED100A4ABB6 /* Products */;
			projectDirPath = "";
			projectRoot = "";
			targets = (
				BB57482A29278ED100A4ABB6 /* Nibu's Card */,
				BB57483A29278ED200A4ABB6 /* Nibu's CardTests */,
				BB57484429278ED200A4ABB6 /* Nibu's CardUITests */,
			);
		};
/* End PBXProject section */

/* Begin PBXResourcesBuildPhase section */
		BB57482929278ED100A4ABB6 /* Resources */ = {
			isa = PBXResourcesBuildPhase;
			buildActionMask = 2147483647;
			files = (
				BB57483629278ED200A4ABB6 /* Preview Assets.xcassets in Resources */,
				BB57483329278ED200A4ABB6 /* Assets.xcassets in Resources */,
			);
			runOnlyForDeploymentPostprocessing = 0;
		};
		BB57483929278ED200A4ABB6 /* Resources */ = {
			isa = PBXResourcesBuildPhase;
			buildActionMask = 2147483647;
			files = (
			);
			runOnlyForDeploymentPostprocessing = 0;
		};
		BB57484329278ED200A4ABB6 /* Resources */ = {
			isa = PBXResourcesBuildPhase;
			buildActionMask = 2147483647;
			files = (
			);
			runOnlyForDeploymentPostprocessing = 0;
		};
/* End PBXResourcesBuildPhase section */

/* Begin PBXSourcesBuildPhase section */
		BB57482729278ED100A4ABB6 /* Sources */ = {
			isa = PBXSourcesBuildPhase;
			buildActionMask = 2147483647;
			files = (
				BB57483129278ED100A4ABB6 /* ContentView.swift in Sources */,
				BB57482F29278ED100A4ABB6 /* Nibu_s_CardApp.swift in Sources */,
			);
			runOnlyForDeploymentPostprocessing = 0;
		};
		BB57483729278ED200A4ABB6 /* Sources */ = {
			isa = PBXSourcesBuildPhase;
			buildActionMask = 2147483647;
			files = (
				BB57484029278ED200A4ABB6 /* Nibu_s_CardTests.swift in Sources */,
			);
			runOnlyForDeploymentPostprocessing = 0;
		};
		BB57484129278ED200A4ABB6 /* Sources */ = {
			isa = PBXSourcesBuildPhase;
			buildActionMask = 2147483647;
			files = (
				BB57484C29278ED200A4ABB6 /* Nibu_s_CardUITestsLaunchTests.swift in Sources */,
				BB57484A29278ED200A4ABB6 /* Nibu_s_CardUITests.swift in Sources */,
			);
			runOnlyForDeploymentPostprocessing = 0;
		};
/* End PBXSourcesBuildPhase section */

/* Begin PBXTargetDependency section */
		BB57483D29278ED200A4ABB6 /* PBXTargetDependency */ = {
			isa = PBXTargetDependency;
			target = BB57482A29278ED100A4ABB6 /* Nibu's Card */;
			targetProxy = BB57483C29278ED200A4ABB6 /* PBXContainerItemProxy */;
		};
		BB57484729278ED200A4ABB6 /* PBXTargetDependency */ = {
			isa = PBXTargetDependency;
			target = BB57482A29278ED100A4ABB6 /* Nibu's Card */;
			targetProxy = BB57484629278ED200A4ABB6 /* PBXContainerItemProxy */;
		};
/* End PBXTargetDependency section */

/* Begin XCBuildConfiguration section */
		BB57484D29278ED200A4ABB6 /* Debug */ = {
			isa = XCBuildConfiguration;
			buildSettings = {
				ALWAYS_SEARCH_USER_PATHS = NO;
				CLANG_ANALYZER_NONNULL = YES;
				CLANG_ANALYZER_NUMBER_OBJECT_CONVERSION = YES_AGGRESSIVE;
				CLANG_CXX_LANGUAGE_STANDARD = "gnu++20";
				CLANG_ENABLE_MODULES = YES;
				CLANG_ENABLE_OBJC_ARC = YES;
				CLANG_ENABLE_OBJC_WEAK = YES;
				CLANG_WARN_BLOCK_CAPTURE_AUTORELEASING = YES;
				CLANG_WARN_BOOL_CONVERSION = YES;
				CLANG_WARN_COMMA = YES;
				CLANG_WARN_CONSTANT_CONVERSION = YES;
				CLANG_WARN_DEPRECATED_OBJC_IMPLEMENTATIONS = YES;
				CLANG_WARN_DIRECT_OBJC_ISA_USAGE = YES_ERROR;
				CLANG_WARN_DOCUMENTATION_COMMENTS = YES;
				CLANG_WARN_EMPTY_BODY = YES;
				CLANG_WARN_ENUM_CONVERSION = YES;
				CLANG_WARN_INFINITE_RECURSION = YES;
				CLANG_WARN_INT_CONVERSION = YES;
				CLANG_WARN_NON_LITERAL_NULL_CONVERSION = YES;
				CLANG_WARN_OBJC_IMPLICIT_RETAIN_SELF = YES;
				CLANG_WARN_OBJC_LITERAL_CONVERSION = YES;
				CLANG_WARN_OBJC_ROOT_CLASS = YES_ERROR;
				CLANG_WARN_QUOTED_INCLUDE_IN_FRAMEWORK_HEADER = YES;
				CLANG_WARN_RANGE_LOOP_ANALYSIS = YES;
				CLANG_WARN_STRICT_PROTOTYPES = YES;
				CLANG_WARN_SUSPICIOUS_MOVE = YES;
				CLANG_WARN_UNGUARDED_AVAILABILITY = YES_AGGRESSIVE;
				CLANG_WARN_UNREACHABLE_CODE = YES;
				CLANG_WARN__DUPLICATE_METHOD_MATCH = YES;
				COPY_PHASE_STRIP = NO;
				DEBUG_INFORMATION_FORMAT = dwarf;
				ENABLE_STRICT_OBJC_MSGSEND = YES;
				ENABLE_TESTABILITY = YES;
				GCC_C_LANGUAGE_STANDARD = gnu11;
				GCC_DYNAMIC_NO_PIC = NO;
				GCC_NO_COMMON_BLOCKS = YES;
				GCC_OPTIMIZATION_LEVEL = 0;
				GCC_PREPROCESSOR_DEFINITIONS = (
					"DEBUG=1",
					"$(inherited)",
				);
				GCC_WARN_64_TO_32_BIT_CONVERSION = YES;
				GCC_WARN_ABOUT_RETURN_TYPE = YES_ERROR;
				GCC_WARN_UNDECLARED_SELECTOR = YES;
				GCC_WARN_UNINITIALIZED_AUTOS = YES_AGGRESSIVE;
				GCC_WARN_UNUSED_FUNCTION = YES;
				GCC_WARN_UNUSED_VARIABLE = YES;
				IPHONEOS_DEPLOYMENT_TARGET = 16.0;
				MTL_ENABLE_DEBUG_INFO = INCLUDE_SOURCE;
				MTL_FAST_MATH = YES;
				ONLY_ACTIVE_ARCH = YES;
				SDKROOT = iphoneos;
				SWIFT_ACTIVE_COMPILATION_CONDITIONS = DEBUG;
				SWIFT_OPTIMIZATION_LEVEL = "-Onone";
			};
			name = Debug;
		};
		BB57484E29278ED200A4ABB6 /* Release */ = {
			isa = XCBuildConfiguration;
			buildSettings = {
				ALWAYS_SEARCH_USER_PATHS = NO;
				CLANG_ANALYZER_NONNULL = YES;
				CLANG_ANALYZER_NUMBER_OBJECT_CONVERSION = YES_AGGRESSIVE;
				CLANG_CXX_LANGUAGE_STANDARD = "gnu++20";
				CLANG_ENABLE_MODULES = YES;
				CLANG_ENABLE_OBJC_ARC = YES;
				CLANG_ENABLE_OBJC_WEAK = YES;
				CLANG_WARN_BLOCK_CAPTURE_AUTORELEASING = YES;
				CLANG_WARN_BOOL_CONVERSION = YES;
				CLANG_WARN_COMMA = YES;
				CLANG_WARN_CONSTANT_CONVERSION = YES;
				CLANG_WARN_DEPRECATED_OBJC_IMPLEMENTATIONS = YES;
				CLANG_WARN_DIRECT_OBJC_ISA_USAGE = YES_ERROR;
				CLANG_WARN_DOCUMENTATION_COMMENTS = YES;
				CLANG_WARN_EMPTY_BODY = YES;
				CLANG_WARN_ENUM_CONVERSION = YES;
				CLANG_WARN_INFINITE_RECURSION = YES;
				CLANG_WARN_INT_CONVERSION = YES;
				CLANG_WARN_NON_LITERAL_NULL_CONVERSION = YES;
				CLANG_WARN_OBJC_IMPLICIT_RETAIN_SELF = YES;
				CLANG_WARN_OBJC_LITERAL_CONVERSION = YES;
				CLANG_WARN_OBJC_ROOT_CLASS = YES_ERROR;
				CLANG_WARN_QUOTED_INCLUDE_IN_FRAMEWORK_HEADER = YES;
				CLANG_WARN_RANGE_LOOP_ANALYSIS = YES;
				CLANG_WARN_STRICT_PROTOTYPES = YES;
				CLANG_WARN_SUSPICIOUS_MOVE = YES;
				CLANG_WARN_UNGUARDED_AVAILABILITY = YES_AGGRESSIVE;
				CLANG_WARN_UNREACHABLE_CODE = YES;
				CLANG_WARN__DUPLICATE_METHOD_MATCH = YES;
				COPY_PHASE_STRIP = NO;
				DEBUG_INFORMATION_FORMAT = "dwarf-with-dsym";
				ENABLE_NS_ASSERTIONS = NO;
				ENABLE_STRICT_OBJC_MSGSEND = YES;
				GCC_C_LANGUAGE_STANDARD = gnu11;
				GCC_NO_COMMON_BLOCKS = YES;
				GCC_WARN_64_TO_32_BIT_CONVERSION = YES;
				GCC_WARN_ABOUT_RETURN_TYPE = YES_ERROR;
				GCC_WARN_UNDECLARED_SELECTOR = YES;
				GCC_WARN_UNINITIALIZED_AUTOS = YES_AGGRESSIVE;
				GCC_WARN_UNUSED_FUNCTION = YES;
				GCC_WARN_UNUSED_VARIABLE = YES;
				IPHONEOS_DEPLOYMENT_TARGET = 16.0;
				MTL_ENABLE_DEBUG_INFO = NO;
				MTL_FAST_MATH = YES;
				SDKROOT = iphoneos;
				SWIFT_COMPILATION_MODE = wholemodule;
				SWIFT_OPTIMIZATION_LEVEL = "-O";
				VALIDATE_PRODUCT = YES;
			};
			name = Release;
		};
		BB57485029278ED200A4ABB6 /* Debug */ = {
			isa = XCBuildConfiguration;
			buildSettings = {
				ASSETCATALOG_COMPILER_APPICON_NAME = AppIcon;
				ASSETCATALOG_COMPILER_GLOBAL_ACCENT_COLOR_NAME = AccentColor;
				CODE_SIGN_STYLE = Automatic;
				CURRENT_PROJECT_VERSION = 1;
				DEVELOPMENT_ASSET_PATHS = "\"Nibu's Card/Preview Content\"";
				DEVELOPMENT_TEAM = SANLDT286L;
				ENABLE_PREVIEWS = YES;
				GENERATE_INFOPLIST_FILE = YES;
				INFOPLIST_KEY_UIApplicationSceneManifest_Generation = YES;
				INFOPLIST_KEY_UIApplicationSupportsIndirectInputEvents = YES;
				INFOPLIST_KEY_UILaunchScreen_Generation = YES;
				INFOPLIST_KEY_UISupportedInterfaceOrientations_iPad = "UIInterfaceOrientationPortrait UIInterfaceOrientationPortraitUpsideDown UIInterfaceOrientationLandscapeLeft UIInterfaceOrientationLandscapeRight";
				INFOPLIST_KEY_UISupportedInterfaceOrientations_iPhone = "UIInterfaceOrientationPortrait UIInterfaceOrientationLandscapeLeft UIInterfaceOrientationLandscapeRight";
				LD_RUNPATH_SEARCH_PATHS = (
					"$(inherited)",
					"@executable_path/Frameworks",
				);
				MARKETING_VERSION = 1.0;
				PRODUCT_BUNDLE_IDENTIFIER = "testProject.app.Nibu-s-Card";
				PRODUCT_NAME = "$(TARGET_NAME)";
				SWIFT_EMIT_LOC_STRINGS = YES;
				SWIFT_VERSION = 5.0;
				TARGETED_DEVICE_FAMILY = "1,2";
			};
			name = Debug;
		};
		BB57485129278ED200A4ABB6 /* Release */ = {
			isa = XCBuildConfiguration;
			buildSettings = {
				ASSETCATALOG_COMPILER_APPICON_NAME = AppIcon;
				ASSETCATALOG_COMPILER_GLOBAL_ACCENT_COLOR_NAME = AccentColor;
				CODE_SIGN_STYLE = Automatic;
				CURRENT_PROJECT_VERSION = 1;
				DEVELOPMENT_ASSET_PATHS = "\"Nibu's Card/Preview Content\"";
				DEVELOPMENT_TEAM = SANLDT286L;
				ENABLE_PREVIEWS = YES;
				GENERATE_INFOPLIST_FILE = YES;
				INFOPLIST_KEY_UIApplicationSceneManifest_Generation = YES;
				INFOPLIST_KEY_UIApplicationSupportsIndirectInputEvents = YES;
				INFOPLIST_KEY_UILaunchScreen_Generation = YES;
				INFOPLIST_KEY_UISupportedInterfaceOrientations_iPad = "UIInterfaceOrientationPortrait UIInterfaceOrientationPortraitUpsideDown UIInterfaceOrientationLandscapeLeft UIInterfaceOrientationLandscapeRight";
				INFOPLIST_KEY_UISupportedInterfaceOrientations_iPhone = "UIInterfaceOrientationPortrait UIInterfaceOrientationLandscapeLeft UIInterfaceOrientationLandscapeRight";
				LD_RUNPATH_SEARCH_PATHS = (
					"$(inherited)",
					"@executable_path/Frameworks",
				);
				MARKETING_VERSION = 1.0;
				PRODUCT_BUNDLE_IDENTIFIER = "testProject.app.Nibu-s-Card";
				PRODUCT_NAME = "$(TARGET_NAME)";
				SWIFT_EMIT_LOC_STRINGS = YES;
				SWIFT_VERSION = 5.0;
				TARGETED_DEVICE_FAMILY = "1,2";
			};
			name = Release;
		};
		BB57485329278ED200A4ABB6 /* Debug */ = {
			isa = XCBuildConfiguration;
			buildSettings = {
				ALWAYS_EMBED_SWIFT_STANDARD_LIBRARIES = YES;
				BUNDLE_LOADER = "$(TEST_HOST)";
				CODE_SIGN_STYLE = Automatic;
				CURRENT_PROJECT_VERSION = 1;
				DEVELOPMENT_TEAM = SANLDT286L;
				GENERATE_INFOPLIST_FILE = YES;
				IPHONEOS_DEPLOYMENT_TARGET = 16.0;
				MARKETING_VERSION = 1.0;
				PRODUCT_BUNDLE_IDENTIFIER = "testProject.app.Nibu-s-CardTests";
				PRODUCT_NAME = "$(TARGET_NAME)";
				SWIFT_EMIT_LOC_STRINGS = NO;
				SWIFT_VERSION = 5.0;
				TARGETED_DEVICE_FAMILY = "1,2";
				TEST_HOST = "$(BUILT_PRODUCTS_DIR)/Nibu's Card.app/$(BUNDLE_EXECUTABLE_FOLDER_PATH)/Nibu's Card";
			};
			name = Debug;
		};
		BB57485429278ED200A4ABB6 /* Release */ = {
			isa = XCBuildConfiguration;
			buildSettings = {
				ALWAYS_EMBED_SWIFT_STANDARD_LIBRARIES = YES;
				BUNDLE_LOADER = "$(TEST_HOST)";
				CODE_SIGN_STYLE = Automatic;
				CURRENT_PROJECT_VERSION = 1;
				DEVELOPMENT_TEAM = SANLDT286L;
				GENERATE_INFOPLIST_FILE = YES;
				IPHONEOS_DEPLOYMENT_TARGET = 16.0;
				MARKETING_VERSION = 1.0;
				PRODUCT_BUNDLE_IDENTIFIER = "testProject.app.Nibu-s-CardTests";
				PRODUCT_NAME = "$(TARGET_NAME)";
				SWIFT_EMIT_LOC_STRINGS = NO;
				SWIFT_VERSION = 5.0;
				TARGETED_DEVICE_FAMILY = "1,2";
				TEST_HOST = "$(BUILT_PRODUCTS_DIR)/Nibu's Card.app/$(BUNDLE_EXECUTABLE_FOLDER_PATH)/Nibu's Card";
			};
			name = Release;
		};
		BB57485629278ED200A4ABB6 /* Debug */ = {
			isa = XCBuildConfiguration;
			buildSettings = {
				ALWAYS_EMBED_SWIFT_STANDARD_LIBRARIES = YES;
				CODE_SIGN_STYLE = Automatic;
				CURRENT_PROJECT_VERSION = 1;
				DEVELOPMENT_TEAM = SANLDT286L;
				GENERATE_INFOPLIST_FILE = YES;
				MARKETING_VERSION = 1.0;
				PRODUCT_BUNDLE_IDENTIFIER = "testProject.app.Nibu-s-CardUITests";
				PRODUCT_NAME = "$(TARGET_NAME)";
				SWIFT_EMIT_LOC_STRINGS = NO;
				SWIFT_VERSION = 5.0;
				TARGETED_DEVICE_FAMILY = "1,2";
				TEST_TARGET_NAME = "Nibu's Card";
			};
			name = Debug;
		};
		BB57485729278ED200A4ABB6 /* Release */ = {
			isa = XCBuildConfiguration;
			buildSettings = {
				ALWAYS_EMBED_SWIFT_STANDARD_LIBRARIES = YES;
				CODE_SIGN_STYLE = Automatic;
				CURRENT_PROJECT_VERSION = 1;
				DEVELOPMENT_TEAM = SANLDT286L;
				GENERATE_INFOPLIST_FILE = YES;
				MARKETING_VERSION = 1.0;
				PRODUCT_BUNDLE_IDENTIFIER = "testProject.app.Nibu-s-CardUITests";
				PRODUCT_NAME = "$(TARGET_NAME)";
				SWIFT_EMIT_LOC_STRINGS = NO;
				SWIFT_VERSION = 5.0;
				TARGETED_DEVICE_FAMILY = "1,2";
				TEST_TARGET_NAME = "Nibu's Card";
			};
			name = Release;
		};
/* End XCBuildConfiguration section */

/* Begin XCConfigurationList section */
		BB57482629278ED100A4ABB6 /* Build configuration list for PBXProject "Nibu's Card" */ = {
			isa = XCConfigurationList;
			buildConfigurations = (
				BB57484D29278ED200A4ABB6 /* Debug */,
				BB57484E29278ED200A4ABB6 /* Release */,
			);
			defaultConfigurationIsVisible = 0;
			defaultConfigurationName = Release;
		};
		BB57484F29278ED200A4ABB6 /* Build configuration list for PBXNativeTarget "Nibu's Card" */ = {
			isa = XCConfigurationList;
			buildConfigurations = (
				BB57485029278ED200A4ABB6 /* Debug */,
				BB57485129278ED200A4ABB6 /* Release */,
			);
			defaultConfigurationIsVisible = 0;
			defaultConfigurationName = Release;
		};
		BB57485229278ED200A4ABB6 /* Build configuration list for PBXNativeTarget "Nibu's CardTests" */ = {
			isa = XCConfigurationList;
			buildConfigurations = (
				BB57485329278ED200A4ABB6 /* Debug */,
				BB57485429278ED200A4ABB6 /* Release */,
			);
			defaultConfigurationIsVisible = 0;
			defaultConfigurationName = Release;
		};
		BB57485529278ED200A4ABB6 /* Build configuration list for PBXNativeTarget "Nibu's CardUITests" */ = {
			isa = XCConfigurationList;
			buildConfigurations = (
				BB57485629278ED200A4ABB6 /* Debug */,
				BB57485729278ED200A4ABB6 /* Release */,
			);
			defaultConfigurationIsVisible = 0;
			defaultConfigurationName = Release;
		};
/* End XCConfigurationList section */
	};
	rootObject = BB57482329278ED100A4ABB6 /* Project object */;
}
